
Microsoft Visual Studio Solution File, Format Version 12.00
# Visual Studio 15
VisualStudioVersion = 15.0.34031.82
MinimumVisualStudioVersion = 10.0.40219.1
Project("{FAE04EC0-301F-11D3-BF4B-00C04F79EFBC}") = "Parser", "Parser\Parser.csproj", "{64DEF184-158A-419F-A62E-02FAE22FF4D1}"
EndProject
Global
	GlobalSection(SolutionConfigurationPlatforms) = preSolution
		Debug|Any CPU = Debug|Any CPU
		Release|Any CPU = Release|Any CPU
	EndGlobalSection
	GlobalSection(ProjectConfigurationPlatforms) = postSolution
		{64DEF184-158A-419F-A62E-02FAE22FF4D1}.Debug|Any CPU.ActiveCfg = Debug|Any CPU
		{64DEF184-158A-419F-A62E-02FAE22FF4D1}.Debug|Any CPU.Build.0 = Debug|Any CPU
		{64DEF184-158A-419F-A62E-02FAE22FF4D1}.Release|Any CPU.ActiveCfg = Release|Any CPU
		{64DEF184-158A-419F-A62E-02FAE22FF4D1}.Release|Any CPU.Build.0 = Release|Any CPU
	EndGlobalSection
	GlobalSection(SolutionProperties) = preSolution
		HideSolutionNode = FALSE
	EndGlobalSection
	GlobalSection(ExtensibilityGlobals) = postSolution
		SolutionGuid = {316B4534-154F-490B-B50A-ACFEC4EE611A}
	EndGlobalSection
EndGlobal
