
Microsoft Visual Studio Solution File, Format Version 12.00
# Visual Studio 15
VisualStudioVersion = 15.0.34031.82
MinimumVisualStudioVersion = 10.0.40219.1
Project("{FAE04EC0-301F-11D3-BF4B-00C04F79EFBC}") = "Lab4", "Lab4\Lab4.csproj", "{A13CD173-5A23-4F8E-8E1E-8FCE22764317}"
EndProject
Global
	GlobalSection(SolutionConfigurationPlatforms) = preSolution
		Debug|Any CPU = Debug|Any CPU
		Release|Any CPU = Release|Any CPU
	EndGlobalSection
	GlobalSection(ProjectConfigurationPlatforms) = postSolution
		{A13CD173-5A23-4F8E-8E1E-8FCE22764317}.Debug|Any CPU.ActiveCfg = Debug|Any CPU
		{A13CD173-5A23-4F8E-8E1E-8FCE22764317}.Debug|Any CPU.Build.0 = Debug|Any CPU
		{A13CD173-5A23-4F8E-8E1E-8FCE22764317}.Release|Any CPU.ActiveCfg = Release|Any CPU
		{A13CD173-5A23-4F8E-8E1E-8FCE22764317}.Release|Any CPU.Build.0 = Release|Any CPU
	EndGlobalSection
	GlobalSection(SolutionProperties) = preSolution
		HideSolutionNode = FALSE
	EndGlobalSection
	GlobalSection(ExtensibilityGlobals) = postSolution
		SolutionGuid = {D717B61B-9DB6-4AFD-9EFD-CF05ACC1D027}
	EndGlobalSection
EndGlobal
