
Microsoft Visual Studio Solution File, Format Version 12.00
# Visual Studio 15
VisualStudioVersion = 15.0.34031.82
MinimumVisualStudioVersion = 10.0.40219.1
Project("{FAE04EC0-301F-11D3-BF4B-00C04F79EFBC}") = "Lab7", "Lab7\Lab7.csproj", "{B71322E3-64E7-48EF-82DE-BA637C88EBCB}"
EndProject
Global
	GlobalSection(SolutionConfigurationPlatforms) = preSolution
		Debug|Any CPU = Debug|Any CPU
		Release|Any CPU = Release|Any CPU
	EndGlobalSection
	GlobalSection(ProjectConfigurationPlatforms) = postSolution
		{B71322E3-64E7-48EF-82DE-BA637C88EBCB}.Debug|Any CPU.ActiveCfg = Debug|Any CPU
		{B71322E3-64E7-48EF-82DE-BA637C88EBCB}.Debug|Any CPU.Build.0 = Debug|Any CPU
		{B71322E3-64E7-48EF-82DE-BA637C88EBCB}.Release|Any CPU.ActiveCfg = Release|Any CPU
		{B71322E3-64E7-48EF-82DE-BA637C88EBCB}.Release|Any CPU.Build.0 = Release|Any CPU
	EndGlobalSection
	GlobalSection(SolutionProperties) = preSolution
		HideSolutionNode = FALSE
	EndGlobalSection
	GlobalSection(ExtensibilityGlobals) = postSolution
		SolutionGuid = {431E64A5-5CE2-4842-97D4-10FE93CF09B5}
	EndGlobalSection
EndGlobal
